
Microsoft Visual Studio Solution File, Format Version 12.00
# Visual Studio Version 17
VisualStudioVersion = 17.6.33829.357
MinimumVisualStudioVersion = 10.0.40219.1
Project("{F184B08F-C81C-45F6-A57F-5ABD9991F28F}") = "ART23 Telemetry v1.0", "ART23 Telemetry v1.0.vbproj", "{7C006C89-5942-4E2B-9AA2-A3D63E01E55A}"
EndProject
Global
	GlobalSection(SolutionConfigurationPlatforms) = preSolution
		Debug|Any CPU = Debug|Any CPU
		Release|Any CPU = Release|Any CPU
	EndGlobalSection
	GlobalSection(ProjectConfigurationPlatforms) = postSolution
		{7C006C89-5942-4E2B-9AA2-A3D63E01E55A}.Debug|Any CPU.ActiveCfg = Debug|Any CPU
		{7C006C89-5942-4E2B-9AA2-A3D63E01E55A}.Debug|Any CPU.Build.0 = Debug|Any CPU
		{7C006C89-5942-4E2B-9AA2-A3D63E01E55A}.Release|Any CPU.ActiveCfg = Release|Any CPU
		{7C006C89-5942-4E2B-9AA2-A3D63E01E55A}.Release|Any CPU.Build.0 = Release|Any CPU
	EndGlobalSection
	GlobalSection(SolutionProperties) = preSolution
		HideSolutionNode = FALSE
	EndGlobalSection
	GlobalSection(ExtensibilityGlobals) = postSolution
		SolutionGuid = {2618BB37-E7D2-4252-87FF-941E08AC27E3}
	EndGlobalSection
EndGlobal
